{
  "requires": true,
  "lockfileVersion": 1,
  "dependencies": {
    "convert-array-to-csv": {
      "version": "1.0.8",
      "resolved": "https://registry.npmjs.org/convert-array-to-csv/-/convert-array-to-csv-1.0.8.tgz",
      "integrity": "sha512-WbmRQ/9mzrG0YnFUmtabFILkOITdmOD1w4jGOWx5yJQGwx4eWuuRmzNLGrUqtgPtjxW7Eqv9hr78myEVPgOkZA=="
    }
  }
}
